{
  "name": "design-training-013-checkpoint-13-1-r01",
  "version": "1.0.0",
  "lockfileVersion": 3,
  "requires": true,
  "packages": {
    "": {
      "name": "design-training-013-checkpoint-13-1-r01",
      "version": "1.0.0",
      "dependencies": {
        "puppeteer-core": "^22.0.0"
      }
    },
    "node_modules/puppeteer-core": {
      "version": "22.6.0",
      "resolved": "https://registry.npmjs.org/puppeteer-core/-/puppeteer-core-22.6.0.tgz",
      "integrity": "sha512-..."
    }
  }
}
